
Microsoft Visual Studio Solution File, Format Version 12.00
# Visual Studio Version 16
VisualStudioVersion = 16.0.31729.503
MinimumVisualStudioVersion = 10.0.40219.1
Project("{FAE04EC0-301F-11D3-BF4B-00C04F79EFBC}") = "Personel_Kayitt", "Personel_Kayitt\Personel_Kayitt.csproj", "{7912CC11-DD5A-48C4-9986-A0133BC6D524}"
EndProject
Global
	GlobalSection(SolutionConfigurationPlatforms) = preSolution
		Debug|Any CPU = Debug|Any CPU
		Release|Any CPU = Release|Any CPU
	EndGlobalSection
	GlobalSection(ProjectConfigurationPlatforms) = postSolution
		{7912CC11-DD5A-48C4-9986-A0133BC6D524}.Debug|Any CPU.ActiveCfg = Debug|Any CPU
		{7912CC11-DD5A-48C4-9986-A0133BC6D524}.Debug|Any CPU.Build.0 = Debug|Any CPU
		{7912CC11-DD5A-48C4-9986-A0133BC6D524}.Release|Any CPU.ActiveCfg = Release|Any CPU
		{7912CC11-DD5A-48C4-9986-A0133BC6D524}.Release|Any CPU.Build.0 = Release|Any CPU
	EndGlobalSection
	GlobalSection(SolutionProperties) = preSolution
		HideSolutionNode = FALSE
	EndGlobalSection
	GlobalSection(ExtensibilityGlobals) = postSolution
		SolutionGuid = {F50730E1-DD3C-4460-9894-058599E2EB0E}
	EndGlobalSection
EndGlobal
